// !$*UTF8*$!
{
	archiveVersion = 1;
	classes = {
	};
	objectVersion = 77;
	objects = {

/* Begin PBXBuildFile section */
		51851C7A4D96E1ACDE546290 /* Pods_Bolla.framework in Frameworks */ = {isa = PBXBuildFile; fileRef = 75E64CAB40B80BBCEA2521F2 /* Pods_Bolla.framework */; };
		A05CE0002D764C29004E26DE /* EventKit.framework in Frameworks */ = {isa = PBXBuildFile; fileRef = A05CDFFF2D764C29004E26DE /* EventKit.framework */; };
/* End PBXBuildFile section */

/* Begin PBXContainerItemProxy section */
		A03C97B42D6F33E4009F2EF8 /* PBXContainerItemProxy */ = {
			isa = PBXContainerItemProxy;
			containerPortal = A03C979B2D6F33E3009F2EF8 /* Project object */;
			proxyType = 1;
			remoteGlobalIDString = A03C97A22D6F33E3009F2EF8;
			remoteInfo = Bolla;
		};
		A03C97BE2D6F33E4009F2EF8 /* PBXContainerItemProxy */ = {
			isa = PBXContainerItemProxy;
			containerPortal = A03C979B2D6F33E3009F2EF8 /* Project object */;
			proxyType = 1;
			remoteGlobalIDString = A03C97A22D6F33E3009F2EF8;
			remoteInfo = Bolla;
		};
/* End PBXContainerItemProxy section */

/* Begin PBXFileReference section */
		016407EB78D7E5E003076681 /* Pods-Bolla.release.xcconfig */ = {isa = PBXFileReference; includeInIndex = 1; lastKnownFileType = text.xcconfig; name = "Pods-Bolla.release.xcconfig"; path = "Target Support Files/Pods-Bolla/Pods-Bolla.release.xcconfig"; sourceTree = "<group>"; };
		04EE8FDF6D5D1F862EC2655E /* Pods-Bolla.debug.xcconfig */ = {isa = PBXFileReference; includeInIndex = 1; lastKnownFileType = text.xcconfig; name = "Pods-Bolla.debug.xcconfig"; path = "Target Support Files/Pods-Bolla/Pods-Bolla.debug.xcconfig"; sourceTree = "<group>"; };
		75E64CAB40B80BBCEA2521F2 /* Pods_Bolla.framework */ = {isa = PBXFileReference; explicitFileType = wrapper.framework; includeInIndex = 0; path = Pods_Bolla.framework; sourceTree = BUILT_PRODUCTS_DIR; };
		A03C97A32D6F33E3009F2EF8 /* Bolla.app */ = {isa = PBXFileReference; explicitFileType = wrapper.application; includeInIndex = 0; path = Bolla.app; sourceTree = BUILT_PRODUCTS_DIR; };
		A03C97B32D6F33E4009F2EF8 /* BollaTests.xctest */ = {isa = PBXFileReference; explicitFileType = wrapper.cfbundle; includeInIndex = 0; path = BollaTests.xctest; sourceTree = BUILT_PRODUCTS_DIR; };
		A03C97BD2D6F33E4009F2EF8 /* BollaUITests.xctest */ = {isa = PBXFileReference; explicitFileType = wrapper.cfbundle; includeInIndex = 0; path = BollaUITests.xctest; sourceTree = BUILT_PRODUCTS_DIR; };
		A05CDFFF2D764C29004E26DE /* EventKit.framework */ = {isa = PBXFileReference; lastKnownFileType = wrapper.framework; name = EventKit.framework; path = System/Library/Frameworks/EventKit.framework; sourceTree = SDKROOT; };
		A0BB3BC12D708ADD005DF07F /* Untitled.swift */ = {isa = PBXFileReference; lastKnownFileType = sourcecode.swift; path = Untitled.swift; sourceTree = "<group>"; };
/* End PBXFileReference section */

/* Begin PBXFileSystemSynchronizedRootGroup section */
		A03C97A52D6F33E3009F2EF8 /* Bolla */ = {
			isa = PBXFileSystemSynchronizedRootGroup;
			path = Bolla;
			sourceTree = "<group>";
		};
		A03C97B62D6F33E4009F2EF8 /* BollaTests */ = {
			isa = PBXFileSystemSynchronizedRootGroup;
			path = BollaTests;
			sourceTree = "<group>";
		};
		A03C97C02D6F33E4009F2EF8 /* BollaUITests */ = {
			isa = PBXFileSystemSynchronizedRootGroup;
			path = BollaUITests;
			sourceTree = "<group>";
		};
/* End PBXFileSystemSynchronizedRootGroup section */

/* Begin PBXFrameworksBuildPhase section */
		A03C97A02D6F33E3009F2EF8 /* Frameworks */ = {
			isa = PBXFrameworksBuildPhase;
			buildActionMask = 2147483647;
			files = (
				A05CE0002D764C29004E26DE /* EventKit.framework in Frameworks */,
				51851C7A4D96E1ACDE546290 /* Pods_Bolla.framework in Frameworks */,
			);
			runOnlyForDeploymentPostprocessing = 0;
		};
		A03C97B02D6F33E4009F2EF8 /* Frameworks */ = {
			isa = PBXFrameworksBuildPhase;
			buildActionMask = 2147483647;
			files = (
			);
			runOnlyForDeploymentPostprocessing = 0;
		};
		A03C97BA2D6F33E4009F2EF8 /* Frameworks */ = {
			isa = PBXFrameworksBuildPhase;
			buildActionMask = 2147483647;
			files = (
			);
			runOnlyForDeploymentPostprocessing = 0;
		};
/* End PBXFrameworksBuildPhase section */

/* Begin PBXGroup section */
		0749A56387DCC00311389CAC /* Frameworks */ = {
			isa = PBXGroup;
			children = (
				A05CDFFF2D764C29004E26DE /* EventKit.framework */,
				75E64CAB40B80BBCEA2521F2 /* Pods_Bolla.framework */,
			);
			name = Frameworks;
			sourceTree = "<group>";
		};
		A03C979A2D6F33E3009F2EF8 = {
			isa = PBXGroup;
			children = (
				A0BB3BC12D708ADD005DF07F /* Untitled.swift */,
				A03C97A52D6F33E3009F2EF8 /* Bolla */,
				A03C97B62D6F33E4009F2EF8 /* BollaTests */,
				A03C97C02D6F33E4009F2EF8 /* BollaUITests */,
				A03C97A42D6F33E3009F2EF8 /* Products */,
				B968A4BF5C6A42BAA70A5431 /* Pods */,
				0749A56387DCC00311389CAC /* Frameworks */,
			);
			sourceTree = "<group>";
		};
		A03C97A42D6F33E3009F2EF8 /* Products */ = {
			isa = PBXGroup;
			children = (
				A03C97A32D6F33E3009F2EF8 /* Bolla.app */,
				A03C97B32D6F33E4009F2EF8 /* BollaTests.xctest */,
				A03C97BD2D6F33E4009F2EF8 /* BollaUITests.xctest */,
			);
			name = Products;
			sourceTree = "<group>";
		};
		B968A4BF5C6A42BAA70A5431 /* Pods */ = {
			isa = PBXGroup;
			children = (
				04EE8FDF6D5D1F862EC2655E /* Pods-Bolla.debug.xcconfig */,
				016407EB78D7E5E003076681 /* Pods-Bolla.release.xcconfig */,
			);
			path = Pods;
			sourceTree = "<group>";
		};
/* End PBXGroup section */

/* Begin PBXNativeTarget section */
		A03C97A22D6F33E3009F2EF8 /* Bolla */ = {
			isa = PBXNativeTarget;
			buildConfigurationList = A03C97C72D6F33E4009F2EF8 /* Build configuration list for PBXNativeTarget "Bolla" */;
			buildPhases = (
				1F0DDDBEA9EE8369F1F689D7 /* [CP] Check Pods Manifest.lock */,
				A03C979F2D6F33E3009F2EF8 /* Sources */,
				A03C97A02D6F33E3009F2EF8 /* Frameworks */,
				A03C97A12D6F33E3009F2EF8 /* Resources */,
			);
			buildRules = (
			);
			dependencies = (
			);
			fileSystemSynchronizedGroups = (
				A03C97A52D6F33E3009F2EF8 /* Bolla */,
			);
			name = Bolla;
			productName = Bolla;
			productReference = A03C97A32D6F33E3009F2EF8 /* Bolla.app */;
			productType = "com.apple.product-type.application";
		};
		A03C97B22D6F33E4009F2EF8 /* BollaTests */ = {
			isa = PBXNativeTarget;
			buildConfigurationList = A03C97CA2D6F33E4009F2EF8 /* Build configuration list for PBXNativeTarget "BollaTests" */;
			buildPhases = (
				A03C97AF2D6F33E4009F2EF8 /* Sources */,
				A03C97B02D6F33E4009F2EF8 /* Frameworks */,
				A03C97B12D6F33E4009F2EF8 /* Resources */,
			);
			buildRules = (
			);
			dependencies = (
				A03C97B52D6F33E4009F2EF8 /* PBXTargetDependency */,
			);
			fileSystemSynchronizedGroups = (
				A03C97B62D6F33E4009F2EF8 /* BollaTests */,
			);
			name = BollaTests;
			productName = BollaTests;
			productReference = A03C97B32D6F33E4009F2EF8 /* BollaTests.xctest */;
			productType = "com.apple.product-type.bundle.unit-test";
		};
		A03C97BC2D6F33E4009F2EF8 /* BollaUITests */ = {
			isa = PBXNativeTarget;
			buildConfigurationList = A03C97CD2D6F33E4009F2EF8 /* Build configuration list for PBXNativeTarget "BollaUITests" */;
			buildPhases = (
				A03C97B92D6F33E4009F2EF8 /* Sources */,
				A03C97BA2D6F33E4009F2EF8 /* Frameworks */,
				A03C97BB2D6F33E4009F2EF8 /* Resources */,
			);
			buildRules = (
			);
			dependencies = (
				A03C97BF2D6F33E4009F2EF8 /* PBXTargetDependency */,
			);
			fileSystemSynchronizedGroups = (
				A03C97C02D6F33E4009F2EF8 /* BollaUITests */,
			);
			name = BollaUITests;
			productName = BollaUITests;
			productReference = A03C97BD2D6F33E4009F2EF8 /* BollaUITests.xctest */;
			productType = "com.apple.product-type.bundle.ui-testing";
		};
/* End PBXNativeTarget section */

/* Begin PBXProject section */
		A03C979B2D6F33E3009F2EF8 /* Project object */ = {
			isa = PBXProject;
			attributes = {
				BuildIndependentTargetsInParallel = 1;
				LastSwiftUpdateCheck = 1620;
				LastUpgradeCheck = 1620;
				TargetAttributes = {
					A03C97A22D6F33E3009F2EF8 = {
						CreatedOnToolsVersion = 16.2;
					};
					A03C97B22D6F33E4009F2EF8 = {
						CreatedOnToolsVersion = 16.2;
						TestTargetID = A03C97A22D6F33E3009F2EF8;
					};
					A03C97BC2D6F33E4009F2EF8 = {
						CreatedOnToolsVersion = 16.2;
						TestTargetID = A03C97A22D6F33E3009F2EF8;
					};
				};
			};
			buildConfigurationList = A03C979E2D6F33E3009F2EF8 /* Build configuration list for PBXProject "Bolla" */;
			developmentRegion = en;
			hasScannedForEncodings = 0;
			knownRegions = (
				en,
				Base,
			);
			mainGroup = A03C979A2D6F33E3009F2EF8;
			minimizedProjectReferenceProxies = 1;
			preferredProjectObjectVersion = 77;
			productRefGroup = A03C97A42D6F33E3009F2EF8 /* Products */;
			projectDirPath = "";
			projectRoot = "";
			targets = (
				A03C97A22D6F33E3009F2EF8 /* Bolla */,
				A03C97B22D6F33E4009F2EF8 /* BollaTests */,
				A03C97BC2D6F33E4009F2EF8 /* BollaUITests */,
			);
		};
/* End PBXProject section */

/* Begin PBXResourcesBuildPhase section */
		A03C97A12D6F33E3009F2EF8 /* Resources */ = {
			isa = PBXResourcesBuildPhase;
			buildActionMask = 2147483647;
			files = (
			);
			runOnlyForDeploymentPostprocessing = 0;
		};
		A03C97B12D6F33E4009F2EF8 /* Resources */ = {
			isa = PBXResourcesBuildPhase;
			buildActionMask = 2147483647;
			files = (
			);
			runOnlyForDeploymentPostprocessing = 0;
		};
		A03C97BB2D6F33E4009F2EF8 /* Resources */ = {
			isa = PBXResourcesBuildPhase;
			buildActionMask = 2147483647;
			files = (
			);
			runOnlyForDeploymentPostprocessing = 0;
		};
/* End PBXResourcesBuildPhase section */

/* Begin PBXShellScriptBuildPhase section */
		1F0DDDBEA9EE8369F1F689D7 /* [CP] Check Pods Manifest.lock */ = {
			isa = PBXShellScriptBuildPhase;
			buildActionMask = 2147483647;
			files = (
			);
			inputFileListPaths = (
			);
			inputPaths = (
				"${PODS_PODFILE_DIR_PATH}/Podfile.lock",
				"${PODS_ROOT}/Manifest.lock",
			);
			name = "[CP] Check Pods Manifest.lock";
			outputFileListPaths = (
			);
			outputPaths = (
				"$(DERIVED_FILE_DIR)/Pods-Bolla-checkManifestLockResult.txt",
			);
			runOnlyForDeploymentPostprocessing = 0;
			shellPath = /bin/sh;
			shellScript = "diff \"${PODS_PODFILE_DIR_PATH}/Podfile.lock\" \"${PODS_ROOT}/Manifest.lock\" > /dev/null\nif [ $? != 0 ] ; then\n    # print error to STDERR\n    echo \"error: The sandbox is not in sync with the Podfile.lock. Run 'pod install' or update your CocoaPods installation.\" >&2\n    exit 1\nfi\n# This output is used by Xcode 'outputs' to avoid re-running this script phase.\necho \"SUCCESS\" > \"${SCRIPT_OUTPUT_FILE_0}\"\n";
			showEnvVarsInLog = 0;
		};
/* End PBXShellScriptBuildPhase section */

/* Begin PBXSourcesBuildPhase section */
		A03C979F2D6F33E3009F2EF8 /* Sources */ = {
			isa = PBXSourcesBuildPhase;
			buildActionMask = 2147483647;
			files = (
			);
			runOnlyForDeploymentPostprocessing = 0;
		};
		A03C97AF2D6F33E4009F2EF8 /* Sources */ = {
			isa = PBXSourcesBuildPhase;
			buildActionMask = 2147483647;
			files = (
			);
			runOnlyForDeploymentPostprocessing = 0;
		};
		A03C97B92D6F33E4009F2EF8 /* Sources */ = {
			isa = PBXSourcesBuildPhase;
			buildActionMask = 2147483647;
			files = (
			);
			runOnlyForDeploymentPostprocessing = 0;
		};
/* End PBXSourcesBuildPhase section */

/* Begin PBXTargetDependency section */
		A03C97B52D6F33E4009F2EF8 /* PBXTargetDependency */ = {
			isa = PBXTargetDependency;
			target = A03C97A22D6F33E3009F2EF8 /* Bolla */;
			targetProxy = A03C97B42D6F33E4009F2EF8 /* PBXContainerItemProxy */;
		};
		A03C97BF2D6F33E4009F2EF8 /* PBXTargetDependency */ = {
			isa = PBXTargetDependency;
			target = A03C97A22D6F33E3009F2EF8 /* Bolla */;
			targetProxy = A03C97BE2D6F33E4009F2EF8 /* PBXContainerItemProxy */;
		};
/* End PBXTargetDependency section */

/* Begin XCBuildConfiguration section */
		A03C97C52D6F33E4009F2EF8 /* Debug */ = {
			isa = XCBuildConfiguration;
			buildSettings = {
				ALWAYS_SEARCH_USER_PATHS = NO;
				ASSETCATALOG_COMPILER_GENERATE_SWIFT_ASSET_SYMBOL_EXTENSIONS = YES;
				CLANG_ANALYZER_NONNULL = YES;
				CLANG_ANALYZER_NUMBER_OBJECT_CONVERSION = YES_AGGRESSIVE;
				CLANG_CXX_LANGUAGE_STANDARD = "gnu++20";
				CLANG_ENABLE_MODULES = YES;
				CLANG_ENABLE_OBJC_ARC = YES;
				CLANG_ENABLE_OBJC_WEAK = YES;
				CLANG_WARN_BLOCK_CAPTURE_AUTORELEASING = YES;
				CLANG_WARN_BOOL_CONVERSION = YES;
				CLANG_WARN_COMMA = YES;
				CLANG_WARN_CONSTANT_CONVERSION = YES;
				CLANG_WARN_DEPRECATED_OBJC_IMPLEMENTATIONS = YES;
				CLANG_WARN_DIRECT_OBJC_ISA_USAGE = YES_ERROR;
				CLANG_WARN_DOCUMENTATION_COMMENTS = YES;
				CLANG_WARN_EMPTY_BODY = YES;
				CLANG_WARN_ENUM_CONVERSION = YES;
				CLANG_WARN_INFINITE_RECURSION = YES;
				CLANG_WARN_INT_CONVERSION = YES;
				CLANG_WARN_NON_LITERAL_NULL_CONVERSION = YES;
				CLANG_WARN_OBJC_IMPLICIT_RETAIN_SELF = YES;
				CLANG_WARN_OBJC_LITERAL_CONVERSION = YES;
				CLANG_WARN_OBJC_ROOT_CLASS = YES_ERROR;
				CLANG_WARN_QUOTED_INCLUDE_IN_FRAMEWORK_HEADER = YES;
				CLANG_WARN_RANGE_LOOP_ANALYSIS = YES;
				CLANG_WARN_STRICT_PROTOTYPES = YES;
				CLANG_WARN_SUSPICIOUS_MOVE = YES;
				CLANG_WARN_UNGUARDED_AVAILABILITY = YES_AGGRESSIVE;
				CLANG_WARN_UNREACHABLE_CODE = YES;
				CLANG_WARN__DUPLICATE_METHOD_MATCH = YES;
				COPY_PHASE_STRIP = NO;
				DEBUG_INFORMATION_FORMAT = dwarf;
				ENABLE_STRICT_OBJC_MSGSEND = YES;
				ENABLE_TESTABILITY = YES;
				ENABLE_USER_SCRIPT_SANDBOXING = YES;
				GCC_C_LANGUAGE_STANDARD = gnu17;
				GCC_DYNAMIC_NO_PIC = NO;
				GCC_NO_COMMON_BLOCKS = YES;
				GCC_OPTIMIZATION_LEVEL = 0;
				GCC_PREPROCESSOR_DEFINITIONS = (
					"DEBUG=1",
					"$(inherited)",
				);
				GCC_WARN_64_TO_32_BIT_CONVERSION = YES;
				GCC_WARN_ABOUT_RETURN_TYPE = YES_ERROR;
				GCC_WARN_UNDECLARED_SELECTOR = YES;
				GCC_WARN_UNINITIALIZED_AUTOS = YES_AGGRESSIVE;
				GCC_WARN_UNUSED_FUNCTION = YES;
				GCC_WARN_UNUSED_VARIABLE = YES;
				IPHONEOS_DEPLOYMENT_TARGET = 13.2;
				LOCALIZATION_PREFERS_STRING_CATALOGS = YES;
				MTL_ENABLE_DEBUG_INFO = INCLUDE_SOURCE;
				MTL_FAST_MATH = YES;
				ONLY_ACTIVE_ARCH = YES;
				SDKROOT = iphoneos;
				SWIFT_ACTIVE_COMPILATION_CONDITIONS = "DEBUG $(inherited)";
				SWIFT_OPTIMIZATION_LEVEL = "-Onone";
			};
			name = Debug;
		};
		A03C97C62D6F33E4009F2EF8 /* Release */ = {
			isa = XCBuildConfiguration;
			buildSettings = {
				ALWAYS_SEARCH_USER_PATHS = NO;
				ASSETCATALOG_COMPILER_GENERATE_SWIFT_ASSET_SYMBOL_EXTENSIONS = YES;
				CLANG_ANALYZER_NONNULL = YES;
				CLANG_ANALYZER_NUMBER_OBJECT_CONVERSION = YES_AGGRESSIVE;
				CLANG_CXX_LANGUAGE_STANDARD = "gnu++20";
				CLANG_ENABLE_MODULES = YES;
				CLANG_ENABLE_OBJC_ARC = YES;
				CLANG_ENABLE_OBJC_WEAK = YES;
				CLANG_WARN_BLOCK_CAPTURE_AUTORELEASING = YES;
				CLANG_WARN_BOOL_CONVERSION = YES;
				CLANG_WARN_COMMA = YES;
				CLANG_WARN_CONSTANT_CONVERSION = YES;
				CLANG_WARN_DEPRECATED_OBJC_IMPLEMENTATIONS = YES;
				CLANG_WARN_DIRECT_OBJC_ISA_USAGE = YES_ERROR;
				CLANG_WARN_DOCUMENTATION_COMMENTS = YES;
				CLANG_WARN_EMPTY_BODY = YES;
				CLANG_WARN_ENUM_CONVERSION = YES;
				CLANG_WARN_INFINITE_RECURSION = YES;
				CLANG_WARN_INT_CONVERSION = YES;
				CLANG_WARN_NON_LITERAL_NULL_CONVERSION = YES;
				CLANG_WARN_OBJC_IMPLICIT_RETAIN_SELF = YES;
				CLANG_WARN_OBJC_LITERAL_CONVERSION = YES;
				CLANG_WARN_OBJC_ROOT_CLASS = YES_ERROR;
				CLANG_WARN_QUOTED_INCLUDE_IN_FRAMEWORK_HEADER = YES;
				CLANG_WARN_RANGE_LOOP_ANALYSIS = YES;
				CLANG_WARN_STRICT_PROTOTYPES = YES;
				CLANG_WARN_SUSPICIOUS_MOVE = YES;
				CLANG_WARN_UNGUARDED_AVAILABILITY = YES_AGGRESSIVE;
				CLANG_WARN_UNREACHABLE_CODE = YES;
				CLANG_WARN__DUPLICATE_METHOD_MATCH = YES;
				COPY_PHASE_STRIP = NO;
				DEBUG_INFORMATION_FORMAT = "dwarf-with-dsym";
				ENABLE_NS_ASSERTIONS = NO;
				ENABLE_STRICT_OBJC_MSGSEND = YES;
				ENABLE_USER_SCRIPT_SANDBOXING = YES;
				GCC_C_LANGUAGE_STANDARD = gnu17;
				GCC_NO_COMMON_BLOCKS = YES;
				GCC_WARN_64_TO_32_BIT_CONVERSION = YES;
				GCC_WARN_ABOUT_RETURN_TYPE = YES_ERROR;
				GCC_WARN_UNDECLARED_SELECTOR = YES;
				GCC_WARN_UNINITIALIZED_AUTOS = YES_AGGRESSIVE;
				GCC_WARN_UNUSED_FUNCTION = YES;
				GCC_WARN_UNUSED_VARIABLE = YES;
				IPHONEOS_DEPLOYMENT_TARGET = 13.2;
				LOCALIZATION_PREFERS_STRING_CATALOGS = YES;
				MTL_ENABLE_DEBUG_INFO = NO;
				MTL_FAST_MATH = YES;
				SDKROOT = iphoneos;
				SWIFT_COMPILATION_MODE = wholemodule;
				VALIDATE_PRODUCT = YES;
			};
			name = Release;
		};
		A03C97C82D6F33E4009F2EF8 /* Debug */ = {
			isa = XCBuildConfiguration;
			baseConfigurationReference = 04EE8FDF6D5D1F862EC2655E /* Pods-Bolla.debug.xcconfig */;
			buildSettings = {
				ASSETCATALOG_COMPILER_APPICON_NAME = AppIcon;
				ASSETCATALOG_COMPILER_GLOBAL_ACCENT_COLOR_NAME = AccentColor;
				ASSETCATALOG_COMPILER_INCLUDE_ALL_APPICON_ASSETS = YES;
				CODE_SIGN_STYLE = Automatic;
				CURRENT_PROJECT_VERSION = 1;
				DEVELOPMENT_ASSET_PATHS = "\"Bolla/Preview Content\"";
				DEVELOPMENT_TEAM = 8VTL4PRJRQ;
				ENABLE_PREVIEWS = YES;
				GENERATE_INFOPLIST_FILE = YES;
				INFOPLIST_KEY_UIApplicationSceneManifest_Generation = YES;
				INFOPLIST_KEY_UIApplicationSupportsIndirectInputEvents = YES;
				INFOPLIST_KEY_UILaunchScreen_Generation = YES;
				INFOPLIST_KEY_UISupportedInterfaceOrientations_iPad = "UIInterfaceOrientationPortrait UIInterfaceOrientationPortraitUpsideDown UIInterfaceOrientationLandscapeLeft UIInterfaceOrientationLandscapeRight";
				INFOPLIST_KEY_UISupportedInterfaceOrientations_iPhone = "UIInterfaceOrientationPortrait UIInterfaceOrientationLandscapeLeft UIInterfaceOrientationLandscapeRight";
				IPHONEOS_DEPLOYMENT_TARGET = 16.6;
				LD_RUNPATH_SEARCH_PATHS = (
					"$(inherited)",
					"@executable_path/Frameworks",
				);
				MARKETING_VERSION = 1.0;
				PRODUCT_BUNDLE_IDENTIFIER = com.maurizioarena.Bolla.Bolla;
				PRODUCT_NAME = "$(TARGET_NAME)";
				SWIFT_EMIT_LOC_STRINGS = YES;
				SWIFT_VERSION = 5.0;
				TARGETED_DEVICE_FAMILY = "1,2";
			};
			name = Debug;
		};
		A03C97C92D6F33E4009F2EF8 /* Release */ = {
			isa = XCBuildConfiguration;
			baseConfigurationReference = 016407EB78D7E5E003076681 /* Pods-Bolla.release.xcconfig */;
			buildSettings = {
				ASSETCATALOG_COMPILER_APPICON_NAME = AppIcon;
				ASSETCATALOG_COMPILER_GLOBAL_ACCENT_COLOR_NAME = AccentColor;
				ASSETCATALOG_COMPILER_INCLUDE_ALL_APPICON_ASSETS = YES;
				CODE_SIGN_STYLE = Automatic;
				CURRENT_PROJECT_VERSION = 1;
				DEVELOPMENT_ASSET_PATHS = "\"Bolla/Preview Content\"";
				DEVELOPMENT_TEAM = 8VTL4PRJRQ;
				ENABLE_PREVIEWS = YES;
				GENERATE_INFOPLIST_FILE = YES;
				INFOPLIST_KEY_UIApplicationSceneManifest_Generation = YES;
				INFOPLIST_KEY_UIApplicationSupportsIndirectInputEvents = YES;
				INFOPLIST_KEY_UILaunchScreen_Generation = YES;
				INFOPLIST_KEY_UISupportedInterfaceOrientations_iPad = "UIInterfaceOrientationPortrait UIInterfaceOrientationPortraitUpsideDown UIInterfaceOrientationLandscapeLeft UIInterfaceOrientationLandscapeRight";
				INFOPLIST_KEY_UISupportedInterfaceOrientations_iPhone = "UIInterfaceOrientationPortrait UIInterfaceOrientationLandscapeLeft UIInterfaceOrientationLandscapeRight";
				IPHONEOS_DEPLOYMENT_TARGET = 16.6;
				LD_RUNPATH_SEARCH_PATHS = (
					"$(inherited)",
					"@executable_path/Frameworks",
				);
				MARKETING_VERSION = 1.0;
				PRODUCT_BUNDLE_IDENTIFIER = com.maurizioarena.Bolla.Bolla;
				PRODUCT_NAME = "$(TARGET_NAME)";
				SWIFT_EMIT_LOC_STRINGS = YES;
				SWIFT_VERSION = 5.0;
				TARGETED_DEVICE_FAMILY = "1,2";
			};
			name = Release;
		};
		A03C97CB2D6F33E4009F2EF8 /* Debug */ = {
			isa = XCBuildConfiguration;
			buildSettings = {
				BUNDLE_LOADER = "$(TEST_HOST)";
				CODE_SIGN_STYLE = Automatic;
				CURRENT_PROJECT_VERSION = 1;
				DEVELOPMENT_TEAM = 8VTL4PRJRQ;
				GENERATE_INFOPLIST_FILE = YES;
				IPHONEOS_DEPLOYMENT_TARGET = 18.2;
				MARKETING_VERSION = 1.0;
				PRODUCT_BUNDLE_IDENTIFIER = com.maurizioarena.Bolla.BollaTests;
				PRODUCT_NAME = "$(TARGET_NAME)";
				SWIFT_EMIT_LOC_STRINGS = NO;
				SWIFT_VERSION = 5.0;
				TARGETED_DEVICE_FAMILY = "1,2";
				TEST_HOST = "$(BUILT_PRODUCTS_DIR)/Bolla.app/$(BUNDLE_EXECUTABLE_FOLDER_PATH)/Bolla";
			};
			name = Debug;
		};
		A03C97CC2D6F33E4009F2EF8 /* Release */ = {
			isa = XCBuildConfiguration;
			buildSettings = {
				BUNDLE_LOADER = "$(TEST_HOST)";
				CODE_SIGN_STYLE = Automatic;
				CURRENT_PROJECT_VERSION = 1;
				DEVELOPMENT_TEAM = 8VTL4PRJRQ;
				GENERATE_INFOPLIST_FILE = YES;
				IPHONEOS_DEPLOYMENT_TARGET = 18.2;
				MARKETING_VERSION = 1.0;
				PRODUCT_BUNDLE_IDENTIFIER = com.maurizioarena.Bolla.BollaTests;
				PRODUCT_NAME = "$(TARGET_NAME)";
				SWIFT_EMIT_LOC_STRINGS = NO;
				SWIFT_VERSION = 5.0;
				TARGETED_DEVICE_FAMILY = "1,2";
				TEST_HOST = "$(BUILT_PRODUCTS_DIR)/Bolla.app/$(BUNDLE_EXECUTABLE_FOLDER_PATH)/Bolla";
			};
			name = Release;
		};
		A03C97CE2D6F33E4009F2EF8 /* Debug */ = {
			isa = XCBuildConfiguration;
			buildSettings = {
				CODE_SIGN_STYLE = Automatic;
				CURRENT_PROJECT_VERSION = 1;
				DEVELOPMENT_TEAM = 8VTL4PRJRQ;
				GENERATE_INFOPLIST_FILE = YES;
				MARKETING_VERSION = 1.0;
				PRODUCT_BUNDLE_IDENTIFIER = com.maurizioarena.Bolla.BollaUITests;
				PRODUCT_NAME = "$(TARGET_NAME)";
				SWIFT_EMIT_LOC_STRINGS = NO;
				SWIFT_VERSION = 5.0;
				TARGETED_DEVICE_FAMILY = "1,2";
				TEST_TARGET_NAME = Bolla;
			};
			name = Debug;
		};
		A03C97CF2D6F33E4009F2EF8 /* Release */ = {
			isa = XCBuildConfiguration;
			buildSettings = {
				CODE_SIGN_STYLE = Automatic;
				CURRENT_PROJECT_VERSION = 1;
				DEVELOPMENT_TEAM = 8VTL4PRJRQ;
				GENERATE_INFOPLIST_FILE = YES;
				MARKETING_VERSION = 1.0;
				PRODUCT_BUNDLE_IDENTIFIER = com.maurizioarena.Bolla.BollaUITests;
				PRODUCT_NAME = "$(TARGET_NAME)";
				SWIFT_EMIT_LOC_STRINGS = NO;
				SWIFT_VERSION = 5.0;
				TARGETED_DEVICE_FAMILY = "1,2";
				TEST_TARGET_NAME = Bolla;
			};
			name = Release;
		};
/* End XCBuildConfiguration section */

/* Begin XCConfigurationList section */
		A03C979E2D6F33E3009F2EF8 /* Build configuration list for PBXProject "Bolla" */ = {
			isa = XCConfigurationList;
			buildConfigurations = (
				A03C97C52D6F33E4009F2EF8 /* Debug */,
				A03C97C62D6F33E4009F2EF8 /* Release */,
			);
			defaultConfigurationIsVisible = 0;
			defaultConfigurationName = Release;
		};
		A03C97C72D6F33E4009F2EF8 /* Build configuration list for PBXNativeTarget "Bolla" */ = {
			isa = XCConfigurationList;
			buildConfigurations = (
				A03C97C82D6F33E4009F2EF8 /* Debug */,
				A03C97C92D6F33E4009F2EF8 /* Release */,
			);
			defaultConfigurationIsVisible = 0;
			defaultConfigurationName = Release;
		};
		A03C97CA2D6F33E4009F2EF8 /* Build configuration list for PBXNativeTarget "BollaTests" */ = {
			isa = XCConfigurationList;
			buildConfigurations = (
				A03C97CB2D6F33E4009F2EF8 /* Debug */,
				A03C97CC2D6F33E4009F2EF8 /* Release */,
			);
			defaultConfigurationIsVisible = 0;
			defaultConfigurationName = Release;
		};
		A03C97CD2D6F33E4009F2EF8 /* Build configuration list for PBXNativeTarget "BollaUITests" */ = {
			isa = XCConfigurationList;
			buildConfigurations = (
				A03C97CE2D6F33E4009F2EF8 /* Debug */,
				A03C97CF2D6F33E4009F2EF8 /* Release */,
			);
			defaultConfigurationIsVisible = 0;
			defaultConfigurationName = Release;
		};
/* End XCConfigurationList section */
	};
	rootObject = A03C979B2D6F33E3009F2EF8 /* Project object */;
}
